{
  "name": "sweetalert2",
  "version": "6.6.7",
  "lockfileVersion": 1,
  "requires": true,
  "dependencies": {
    "babel-plugin-external-helpers": {
      "version": "6.22.0",
      "resolved": "https://registry.npmjs.org/babel-plugin-external-helpers/-/babel-plugin-external-helpers-6.22.0.tgz",
      "integrity": "sha1-IoX0iwK9Xe3oUXXK+MYuhq3M76E=",
      "dev": true
    },
    "babel-plugin-transform-object-assign": {
      "version": "6.22.0",
      "resolved": "https://registry.npmjs.org/babel-plugin-transform-object-assign/-/babel-plugin-transform-object-assign-6.22.0.tgz",
      "integrity": "sha1-+Z0vZvGgsNSY40bFNZaEdAyqILo=",
      "dev": true
    },
    "babel-preset-es2015": {
      "version": "6.24.1",
      "resolved": "https://registry.npmjs.org/babel-preset-es2015/-/babel-preset-es2015-6.24.1.tgz",
      "integrity": "sha1-1EBQ1rwsn+6nAqrzjXJ6AhBTiTk=",
      "dev": true
    },
    "gulp": {
      "version": "3.9.1",
      "resolved": "https://registry.npmjs.org/gulp/-/gulp-3.9.1.tgz",
      "integrity": "sha1-VxzkWSjdQK9lFPxAEYZgFsE4RbQ=",
      "dev": true
    },
    "gulp-autoprefixer": {
      "version": "4.0.0",
      "resolved": "https://registry.npmjs.org/gulp-autoprefixer/-/gulp-autoprefixer-4.0.0.tgz",
      "integrity": "sha1-4AqMVxuF0GUWrCY0G+kN/Z/B6rA=",
      "dev": true
    },
    "gulp-clean-css": {
      "version": "3.6.0",
      "resolved": "https://registry.npmjs.org/gulp-clean-css/-/gulp-clean-css-3.6.0.tgz",
      "integrity": "sha1-Q08rgMVapFJUzaMCB+GhFm8NHlI=",
      "dev": true
    },
    "gulp-rename": {
      "version": "1.2.2",
      "resolved": "https://registry.npmjs.org/gulp-rename/-/gulp-rename-1.2.2.tgz",
      "integrity": "sha1-OtRCh2PwXidk3sHGfYaNsnVoeBc=",
      "dev": true
    },
    "gulp-rollup": {
      "version": "2.14.0",
      "resolved": "https://registry.npmjs.org/gulp-rollup/-/gulp-rollup-2.14.0.tgz",
      "integrity": "sha512-PeC2uD2p8WgYFnE7cggnwA8YIKdJvy6lguGWmnV+MmkfODXg3MPQB+j+ki+V7jvGsiB2lNK/8gs9OPVCSnJRkw==",
      "dev": true,
      "dependencies": {
        "isarray": {
          "version": "1.0.0",
          "resolved": "https://registry.npmjs.org/isarray/-/isarray-1.0.0.tgz",
          "integrity": "sha1-u5NdSFgsuhaMBoNJV6VKPgcSTxE="
        },
        "readable-stream": {
          "version": "2.3.3",
          "resolved": "https://registry.npmjs.org/readable-stream/-/readable-stream-2.3.3.tgz",
          "integrity": "sha512-m+qzzcn7KUxEmd1gMbchF+Y2eIUbieUaxkWtptyHywrX0rE8QEYqPC07Vuy4Wm32/xE16NcdBctb8S0Xe/5IeQ=="
        },
        "string_decoder": {
          "version": "1.0.3",
          "resolved": "https://registry.npmjs.org/string_decoder/-/string_decoder-1.0.3.tgz",
          "integrity": "sha512-4AH6Z5fzNNBcH+6XDMfA/BTt87skxqJlO0lAh3Dker5zThcAxG6mKz+iGu308UKoPPQ8Dcqx/4JhujzltRa+hQ=="
        }
      }
    },
    "gulp-sass": {
      "version": "3.1.0",
      "resolved": "https://registry.npmjs.org/gulp-sass/-/gulp-sass-3.1.0.tgz",
      "integrity": "sha1-U9xLaKH13f5EJKtMJHZVJpqLdLc=",
      "dev": true
    },
    "gulp-sass-lint": {
      "version": "1.3.2",
      "resolved": "https://registry.npmjs.org/gulp-sass-lint/-/gulp-sass-lint-1.3.2.tgz",
      "integrity": "sha1-ZCCUxf6bkZaHLzOg0fdcz1HLg2E=",
      "dev": true
    },
    "gulp-standard": {
      "version": "8.0.4",
      "resolved": "https://registry.npmjs.org/gulp-standard/-/gulp-standard-8.0.4.tgz",
      "integrity": "sha1-1OXql6P7NCRhCNgk8EnG1aW7VLQ=",
      "dev": true
    },
    "gulp-uglify": {
      "version": "3.0.0",
      "resolved": "https://registry.npmjs.org/gulp-uglify/-/gulp-uglify-3.0.0.tgz",
      "integrity": "sha1-DfAzHXKg0wLj434QlIXd3zPG0co=",
      "dev": true
    },
    "rollup": {
      "version": "0.45.1",
      "resolved": "https://registry.npmjs.org/rollup/-/rollup-0.45.1.tgz",
      "integrity": "sha512-uAARayLMSESiUdpwkcDgUky4TwPBQhvpZmz3UuMtNoyeq79iHEM9IyBTB/5TWEBtzz4D/j2x0KAGMOVq6MhO7g==",
      "dev": true
    },
    "rollup-plugin-babel": {
      "version": "2.7.1",
      "resolved": "https://registry.npmjs.org/rollup-plugin-babel/-/rollup-plugin-babel-2.7.1.tgz",
      "integrity": "sha1-FlKBl7D5OKFTb0RoPHqT1XMYL1c=",
      "dev": true,
      "dependencies": {
        "object-assign": {
          "version": "4.1.1",
          "resolved": "https://registry.npmjs.org/object-assign/-/object-assign-4.1.1.tgz",
          "integrity": "sha1-IQmtx5ZYh8/AXLvUQsrIv7s2CGM="
        }
      }
    },
    "standard": {
      "version": "8.6.0",
      "resolved": "https://registry.npmjs.org/standard/-/standard-8.6.0.tgz",
      "integrity": "sha1-Y1Eyvnv7VnwpIQBfMPnjUOR1Kq0=",
      "dev": true,
      "dependencies": {
        "eslint": {
          "version": "3.10.2",
          "resolved": "https://registry.npmjs.org/eslint/-/eslint-3.10.2.tgz",
          "integrity": "sha1-yaEOi/bp1lZRIEd4xQM0Hx6sPOc="
        },
        "file-entry-cache": {
          "version": "2.0.0",
          "resolved": "https://registry.npmjs.org/file-entry-cache/-/file-entry-cache-2.0.0.tgz",
          "integrity": "sha1-w5KZDD5oR4PYOLjISkXYoEhFg2E="
        },
        "glob": {
          "version": "7.1.2",
          "resolved": "https://registry.npmjs.org/glob/-/glob-7.1.2.tgz",
          "integrity": "sha512-MJTUg1kjuLeQCJ+ccE4Vpa6kKVXkPYJ2mOCQyUuKLcLQsdrMCpBPUi8qVE6+YuaJkozeA9NusTAw3hLr8Xe5EQ=="
        },
        "minimatch": {
          "version": "3.0.4",
          "resolved": "https://registry.npmjs.org/minimatch/-/minimatch-3.0.4.tgz",
          "integrity": "sha512-yJHVQEhyqPLUTgt9B83PXu6W3rx4MvvHvSUvToogpwoGDOUQ+yDrR0HRot+yOCdCO7u4hX3pWft6kWBBcqh0UA=="
        },
        "object-assign": {
          "version": "4.1.1",
          "resolved": "https://registry.npmjs.org/object-assign/-/object-assign-4.1.1.tgz",
          "integrity": "sha1-IQmtx5ZYh8/AXLvUQsrIv7s2CGM="
        },
        "shelljs": {
          "version": "0.7.8",
          "resolved": "https://registry.npmjs.org/shelljs/-/shelljs-0.7.8.tgz",
          "integrity": "sha1-3svPh0sNHl+3LhSxZKloMEjprLM="
        },
        "strip-bom": {
          "version": "3.0.0",
          "resolved": "https://registry.npmjs.org/strip-bom/-/strip-bom-3.0.0.tgz",
          "integrity": "sha1-IzTBjpx1n3vdVv3vfprj1YjmjtM="
        },
        "user-home": {
          "version": "2.0.0",
          "resolved": "https://registry.npmjs.org/user-home/-/user-home-2.0.0.tgz",
          "integrity": "sha1-nHC/2Babwdy/SGBODwS4tJzenp8="
        }
      }
    },
    "testem": {
      "version": "1.18.0",
      "resolved": "https://registry.npmjs.org/testem/-/testem-1.18.0.tgz",
      "integrity": "sha1-Sp95hQnSYNypKII6quXbxqnJd+4=",
      "dev": true,
      "dependencies": {
        "cross-spawn": {
          "version": "5.1.0",
          "resolved": "https://registry.npmjs.org/cross-spawn/-/cross-spawn-5.1.0.tgz",
          "integrity": "sha1-6L0O/uWPz/b4+UUQoKVUu/ojVEk="
        },
        "glob": {
          "version": "7.1.2",
          "resolved": "https://registry.npmjs.org/glob/-/glob-7.1.2.tgz",
          "integrity": "sha512-MJTUg1kjuLeQCJ+ccE4Vpa6kKVXkPYJ2mOCQyUuKLcLQsdrMCpBPUi8qVE6+YuaJkozeA9NusTAw3hLr8Xe5EQ=="
        },
        "lru-cache": {
          "version": "4.1.1",
          "resolved": "https://registry.npmjs.org/lru-cache/-/lru-cache-4.1.1.tgz",
          "integrity": "sha512-q4spe4KTfsAS1SUHLO0wz8Qiyf1+vMIAgpRYioFYDMNqKfHQbg+AVDH3i4fvpl71/P1L0dBl+fQi+P37UYf0ew=="
        },
        "minimatch": {
          "version": "3.0.4",
          "resolved": "https://registry.npmjs.org/minimatch/-/minimatch-3.0.4.tgz",
          "integrity": "sha512-yJHVQEhyqPLUTgt9B83PXu6W3rx4MvvHvSUvToogpwoGDOUQ+yDrR0HRot+yOCdCO7u4hX3pWft6kWBBcqh0UA=="
        }
      }
    },
    "uglify-js": {
      "version": "3.0.24",
      "resolved": "https://registry.npmjs.org/uglify-js/-/uglify-js-3.0.24.tgz",
      "integrity": "sha512-IZ7l7MU2j7LIuz6IAFWBOk1dbuQ0QVQsKLffpNPKXuL8NYcFBBQ5QkvMAtfL1+oaBW16344DY4sA26GI9cXzlA==",
      "dev": true,
      "dependencies": {
        "commander": {
          "version": "2.9.0",
          "resolved": "https://registry.npmjs.org/commander/-/commander-2.9.0.tgz",
          "integrity": "sha1-nJkJQXbhIkDLItbFFGCYQA/g99Q="
        }
      }
    }
  }
}
